{
  "name": "getPriceBot",
  "version": "1.0.0",
  "lockfileVersion": 1,
  "requires": true,
  "dependencies": {
    "ccxt": {
      "version": "1.76.61",
      "resolved": "https://registry.npmjs.org/ccxt/-/ccxt-1.76.61.tgz",
      "integrity": "sha512-zlLXSNI9Ds1ul/z1YImqt2QlYpbVAolyFxTD9/OxjpcbAvbMbWe176J/5H4cfQzJH5Ex5eJWqQ2kltfeUoMPBQ=="
    }
  }
}
